Microsoft Visual Studio Solution File, Format Version 12.00
# Visual Studio 2012
Project("{8BC9CEB8-8B4A-11D0-8D11-00A0C91BC942}") = "fftreal", "C:/Trunk2016/Contribs/Qt/4.8.5/win_VS2012/demos/spectrum/3rdparty/fftreal\fftreal.vcxproj", "{1E48EB32-6F07-3927-8DFC-5379BD32FA74}"
EndProject
Project("{8BC9CEB8-8B4A-11D0-8D11-00A0C91BC942}") = "spectrum", "C:/Trunk2016/Contribs/Qt/4.8.5/win_VS2012/demos/spectrum/app\spectrum.vcxproj", "{4D367A68-4A6B-37C5-ABD6-F0B66458F217}"
EndProject
Global
	GlobalSection(SolutionConfiguration) = preSolution
		ConfigName.0 = Debug|Win32
		ConfigName.1 = Release|Win32
	EndGlobalSection
	GlobalSection(ProjectDependencies) = postSolution
		{4D367A68-4A6B-37C5-ABD6-F0B66458F217}.0 = {1E48EB32-6F07-3927-8DFC-5379BD32FA74}
	EndGlobalSection
	GlobalSection(ProjectConfiguration) = postSolution
		{1E48EB32-6F07-3927-8DFC-5379BD32FA74}.Debug|Win32.ActiveCfg = Debug|Win32
		{1E48EB32-6F07-3927-8DFC-5379BD32FA74}.Debug|Win32.Build.0 = Debug|Win32
		{1E48EB32-6F07-3927-8DFC-5379BD32FA74}.Release|Win32.ActiveCfg = Release|Win32
		{1E48EB32-6F07-3927-8DFC-5379BD32FA74}.Release|Win32.Build.0 = Release|Win32
		{4D367A68-4A6B-37C5-ABD6-F0B66458F217}.Debug|Win32.ActiveCfg = Debug|Win32
		{4D367A68-4A6B-37C5-ABD6-F0B66458F217}.Debug|Win32.Build.0 = Debug|Win32
		{4D367A68-4A6B-37C5-ABD6-F0B66458F217}.Release|Win32.ActiveCfg = Release|Win32
		{4D367A68-4A6B-37C5-ABD6-F0B66458F217}.Release|Win32.Build.0 = Release|Win32
	EndGlobalSection
	GlobalSection(ExtensibilityGlobals) = postSolution
	EndGlobalSection
	GlobalSection(ExtensibilityAddIns) = postSolution
	EndGlobalSection
EndGlobal