Microsoft Visual Studio Solution File, Format Version 12.00
# Visual Studio 2012
Project("{8BC9CEB8-8B4A-11D0-8D11-00A0C91BC942}") = "QtUiTools", "C:/Trunk2016/Contribs/Qt/4.8.5/win_VS2012/tools/designer/src/uitools\QtUiTools.vcxproj", "{E7C16280-441E-3B12-BE48-7B1BB5B7E944}"
EndProject
Project("{8BC9CEB8-8B4A-11D0-8D11-00A0C91BC942}") = "QtDesigner", "C:/Trunk2016/Contribs/Qt/4.8.5/win_VS2012/tools/designer/src/lib\QtDesigner.vcxproj", "{43A8BCB9-8EC5-38DB-A6FA-47B49D599172}"
EndProject
Project("{8BC9CEB8-8B4A-11D0-8D11-00A0C91BC942}") = "designer", "C:/Trunk2016/Contribs/Qt/4.8.5/win_VS2012/tools/designer/src/designer\designer.vcxproj", "{660417A3-A652-3A12-ACAB-65930BD7B355}"
EndProject
Project("{8BC9CEB8-8B4A-11D0-8D11-00A0C91BC942}") = "QtDesignerComponents", "C:/Trunk2016/Contribs/Qt/4.8.5/win_VS2012/tools/designer/src/components/lib\QtDesignerComponents.vcxproj", "{88B757F1-A677-3F48-9A8C-27E5AE15E90D}"
EndProject
Project("{8BC9CEB8-8B4A-11D0-8D11-00A0C91BC942}") = "qt3supportwidgets", "C:/Trunk2016/Contribs/Qt/4.8.5/win_VS2012/tools/designer/src/plugins/widgets\qt3supportwidgets.vcxproj", "{3FABFC5D-1333-3AEC-917F-18EBDABC6D85}"
EndProject
Project("{8BC9CEB8-8B4A-11D0-8D11-00A0C91BC942}") = "qaxwidget", "C:/Trunk2016/Contribs/Qt/4.8.5/win_VS2012/tools/designer/src/plugins/activeqt\qaxwidget.vcxproj", "{6A1D25FB-9BFC-3BFB-9B0B-1265ADC8B791}"
EndProject
Project("{8BC9CEB8-8B4A-11D0-8D11-00A0C91BC942}") = "qwebview", "C:/Trunk2016/Contribs/Qt/4.8.5/win_VS2012/tools/designer/src/plugins/qwebview\qwebview.vcxproj", "{2BD056E2-2029-37C8-95A9-E66800B20A2E}"
EndProject
Project("{8BC9CEB8-8B4A-11D0-8D11-00A0C91BC942}") = "phononwidgets", "C:/Trunk2016/Contribs/Qt/4.8.5/win_VS2012/tools/designer/src/plugins/phononwidgets\phononwidgets.vcxproj", "{0ED471F6-4D2A-3EAE-AD6C-CD657351EE13}"
EndProject
Project("{8BC9CEB8-8B4A-11D0-8D11-00A0C91BC942}") = "qdeclarativeview", "C:/Trunk2016/Contribs/Qt/4.8.5/win_VS2012/tools/designer/src/plugins/qdeclarativeview\qdeclarativeview.vcxproj", "{652130DC-DA33-3858-A425-8DC35394869D}"
EndProject
Global
	GlobalSection(SolutionConfiguration) = preSolution
		ConfigName.0 = Debug|Win32
		ConfigName.1 = Release|Win32
	EndGlobalSection
	GlobalSection(ProjectDependencies) = postSolution
		{660417A3-A652-3A12-ACAB-65930BD7B355}.0 = {88B757F1-A677-3F48-9A8C-27E5AE15E90D}
		{660417A3-A652-3A12-ACAB-65930BD7B355}.1 = {43A8BCB9-8EC5-38DB-A6FA-47B49D599172}
		{88B757F1-A677-3F48-9A8C-27E5AE15E90D}.0 = {43A8BCB9-8EC5-38DB-A6FA-47B49D599172}
		{88B757F1-A677-3F48-9A8C-27E5AE15E90D}.1 = {43A8BCB9-8EC5-38DB-A6FA-47B49D599172}
		{3FABFC5D-1333-3AEC-917F-18EBDABC6D85}.0 = {43A8BCB9-8EC5-38DB-A6FA-47B49D599172}
		{6A1D25FB-9BFC-3BFB-9B0B-1265ADC8B791}.0 = {43A8BCB9-8EC5-38DB-A6FA-47B49D599172}
		{2BD056E2-2029-37C8-95A9-E66800B20A2E}.0 = {43A8BCB9-8EC5-38DB-A6FA-47B49D599172}
		{0ED471F6-4D2A-3EAE-AD6C-CD657351EE13}.0 = {43A8BCB9-8EC5-38DB-A6FA-47B49D599172}
		{652130DC-DA33-3858-A425-8DC35394869D}.0 = {43A8BCB9-8EC5-38DB-A6FA-47B49D599172}
	EndGlobalSection
	GlobalSection(ProjectConfiguration) = postSolution
		{E7C16280-441E-3B12-BE48-7B1BB5B7E944}.Debug|Win32.ActiveCfg = Debug|Win32
		{E7C16280-441E-3B12-BE48-7B1BB5B7E944}.Debug|Win32.Build.0 = Debug|Win32
		{E7C16280-441E-3B12-BE48-7B1BB5B7E944}.Release|Win32.ActiveCfg = Release|Win32
		{E7C16280-441E-3B12-BE48-7B1BB5B7E944}.Release|Win32.Build.0 = Release|Win32
		{43A8BCB9-8EC5-38DB-A6FA-47B49D599172}.Debug|Win32.ActiveCfg = Debug|Win32
		{43A8BCB9-8EC5-38DB-A6FA-47B49D599172}.Debug|Win32.Build.0 = Debug|Win32
		{43A8BCB9-8EC5-38DB-A6FA-47B49D599172}.Release|Win32.ActiveCfg = Release|Win32
		{43A8BCB9-8EC5-38DB-A6FA-47B49D599172}.Release|Win32.Build.0 = Release|Win32
		{660417A3-A652-3A12-ACAB-65930BD7B355}.Debug|Win32.ActiveCfg = Debug|Win32
		{660417A3-A652-3A12-ACAB-65930BD7B355}.Debug|Win32.Build.0 = Debug|Win32
		{660417A3-A652-3A12-ACAB-65930BD7B355}.Release|Win32.ActiveCfg = Release|Win32
		{660417A3-A652-3A12-ACAB-65930BD7B355}.Release|Win32.Build.0 = Release|Win32
		{88B757F1-A677-3F48-9A8C-27E5AE15E90D}.Debug|Win32.ActiveCfg = Debug|Win32
		{88B757F1-A677-3F48-9A8C-27E5AE15E90D}.Debug|Win32.Build.0 = Debug|Win32
		{88B757F1-A677-3F48-9A8C-27E5AE15E90D}.Release|Win32.ActiveCfg = Release|Win32
		{88B757F1-A677-3F48-9A8C-27E5AE15E90D}.Release|Win32.Build.0 = Release|Win32
		{3FABFC5D-1333-3AEC-917F-18EBDABC6D85}.Debug|Win32.ActiveCfg = Debug|Win32
		{3FABFC5D-1333-3AEC-917F-18EBDABC6D85}.Debug|Win32.Build.0 = Debug|Win32
		{3FABFC5D-1333-3AEC-917F-18EBDABC6D85}.Release|Win32.ActiveCfg = Release|Win32
		{3FABFC5D-1333-3AEC-917F-18EBDABC6D85}.Release|Win32.Build.0 = Release|Win32
		{6A1D25FB-9BFC-3BFB-9B0B-1265ADC8B791}.Debug|Win32.ActiveCfg = Debug|Win32
		{6A1D25FB-9BFC-3BFB-9B0B-1265ADC8B791}.Debug|Win32.Build.0 = Debug|Win32
		{6A1D25FB-9BFC-3BFB-9B0B-1265ADC8B791}.Release|Win32.ActiveCfg = Release|Win32
		{6A1D25FB-9BFC-3BFB-9B0B-1265ADC8B791}.Release|Win32.Build.0 = Release|Win32
		{2BD056E2-2029-37C8-95A9-E66800B20A2E}.Debug|Win32.ActiveCfg = Debug|Win32
		{2BD056E2-2029-37C8-95A9-E66800B20A2E}.Debug|Win32.Build.0 = Debug|Win32
		{2BD056E2-2029-37C8-95A9-E66800B20A2E}.Release|Win32.ActiveCfg = Release|Win32
		{2BD056E2-2029-37C8-95A9-E66800B20A2E}.Release|Win32.Build.0 = Release|Win32
		{0ED471F6-4D2A-3EAE-AD6C-CD657351EE13}.Debug|Win32.ActiveCfg = Debug|Win32
		{0ED471F6-4D2A-3EAE-AD6C-CD657351EE13}.Debug|Win32.Build.0 = Debug|Win32
		{0ED471F6-4D2A-3EAE-AD6C-CD657351EE13}.Release|Win32.ActiveCfg = Release|Win32
		{0ED471F6-4D2A-3EAE-AD6C-CD657351EE13}.Release|Win32.Build.0 = Release|Win32
		{652130DC-DA33-3858-A425-8DC35394869D}.Debug|Win32.ActiveCfg = Debug|Win32
		{652130DC-DA33-3858-A425-8DC35394869D}.Debug|Win32.Build.0 = Debug|Win32
		{652130DC-DA33-3858-A425-8DC35394869D}.Release|Win32.ActiveCfg = Release|Win32
		{652130DC-DA33-3858-A425-8DC35394869D}.Release|Win32.Build.0 = Release|Win32
	EndGlobalSection
	GlobalSection(ExtensibilityGlobals) = postSolution
	EndGlobalSection
	GlobalSection(ExtensibilityAddIns) = postSolution
	EndGlobalSection
EndGlobal