Microsoft Visual Studio Solution File, Format Version 12.00
# Visual Studio 2012
Project("{8BC9CEB8-8B4A-11D0-8D11-00A0C91BC942}") = "QtDesignerComponents", "C:/Trunk2016/Contribs/Qt/4.8.5/win_VS2012/tools/designer/src/components/lib\QtDesignerComponents.vcxproj", "{88B757F1-A677-3F48-9A8C-27E5AE15E90D}"
EndProject
Global
	GlobalSection(SolutionConfiguration) = preSolution
		ConfigName.0 = Debug|Win32
		ConfigName.1 = Release|Win32
	EndGlobalSection
	GlobalSection(ProjectDependencies) = postSolution
	EndGlobalSection
	GlobalSection(ProjectConfiguration) = postSolution
		{88B757F1-A677-3F48-9A8C-27E5AE15E90D}.Debug|Win32.ActiveCfg = Debug|Win32
		{88B757F1-A677-3F48-9A8C-27E5AE15E90D}.Debug|Win32.Build.0 = Debug|Win32
		{88B757F1-A677-3F48-9A8C-27E5AE15E90D}.Release|Win32.ActiveCfg = Release|Win32
		{88B757F1-A677-3F48-9A8C-27E5AE15E90D}.Release|Win32.Build.0 = Release|Win32
	EndGlobalSection
	GlobalSection(ExtensibilityGlobals) = postSolution
	EndGlobalSection
	GlobalSection(ExtensibilityAddIns) = postSolution
	EndGlobalSection
EndGlobal