<?xml version="1.0" encoding="utf-8"?>
<Project ToolsVersion="4.0" xmlns="http://schemas.microsoft.com/developer/msbuild/2003">
  <ItemGroup>
    <Filter Include="Form Files">
      <UniqueIdentifier>{99349809-55BA-4b9d-BF79-8FDBB0286EB3}</UniqueIdentifier>
      <Extensions>ui</Extensions>
      <ParseFiles>false</ParseFiles>
    </Filter>
    <Filter Include="Form Files">
      <UniqueIdentifier>{99349809-55BA-4b9d-BF79-8FDBB0286EB3}</UniqueIdentifier>
      <Extensions>ui</Extensions>
      <ParseFiles>false</ParseFiles>
    </Filter>
    <Filter Include="Generated Files">
      <UniqueIdentifier>{71ED8ED8-ACB9-4CE9-BBE1-E00B30144E11}</UniqueIdentifier>
      <Extensions>cpp;c;cxx;moc;h;def;odl;idl;res;</Extensions>
    </Filter>
    <Filter Include="Generated Files">
      <UniqueIdentifier>{71ED8ED8-ACB9-4CE9-BBE1-E00B30144E11}</UniqueIdentifier>
      <Extensions>cpp;c;cxx;moc;h;def;odl;idl;res;</Extensions>
    </Filter>
    <Filter Include="Header Files">
      <UniqueIdentifier>{93995380-89BD-4b04-88EB-625FBE52EBFB}</UniqueIdentifier>
      <Extensions>h;hpp;hxx;hm;inl;inc;xsd</Extensions>
    </Filter>
    <Filter Include="Header Files">
      <UniqueIdentifier>{93995380-89BD-4b04-88EB-625FBE52EBFB}</UniqueIdentifier>
      <Extensions>h;hpp;hxx;hm;inl;inc;xsd</Extensions>
    </Filter>
    <Filter Include="Resource Files">
      <UniqueIdentifier>{D9D6E242-F8AF-46E4-B9FD-80ECBC20BA3E}</UniqueIdentifier>
      <Extensions>qrc;*</Extensions>
      <ParseFiles>false</ParseFiles>
    </Filter>
    <Filter Include="Resource Files">
      <UniqueIdentifier>{D9D6E242-F8AF-46E4-B9FD-80ECBC20BA3E}</UniqueIdentifier>
      <Extensions>qrc;*</Extensions>
      <ParseFiles>false</ParseFiles>
    </Filter>
    <Filter Include="Source Files">
      <UniqueIdentifier>{4FC737F1-C7A5-4376-A066-2A32D752A2FF}</UniqueIdentifier>
      <Extensions>cpp;c;cxx;def;odl;idl;hpj;bat;asm;asmx</Extensions>
    </Filter>
    <Filter Include="Source Files">
      <UniqueIdentifier>{4FC737F1-C7A5-4376-A066-2A32D752A2FF}</UniqueIdentifier>
      <Extensions>cpp;c;cxx;def;odl;idl;hpj;bat;asm;asmx</Extensions>
    </Filter>
  </ItemGroup>
  <ItemGroup>
    <ClCompile Include="batchtranslationdialog.cpp">
      <Filter>Source Files</Filter>
    </ClCompile>
    <ClCompile Include="errorsview.cpp">
      <Filter>Source Files</Filter>
    </ClCompile>
    <ClCompile Include="finddialog.cpp">
      <Filter>Source Files</Filter>
    </ClCompile>
    <ClCompile Include="formpreviewview.cpp">
      <Filter>Source Files</Filter>
    </ClCompile>
    <ClCompile Include="globals.cpp">
      <Filter>Source Files</Filter>
    </ClCompile>
    <ClCompile Include="main.cpp">
      <Filter>Source Files</Filter>
    </ClCompile>
    <ClCompile Include="mainwindow.cpp">
      <Filter>Source Files</Filter>
    </ClCompile>
    <ClCompile Include="messageeditor.cpp">
      <Filter>Source Files</Filter>
    </ClCompile>
    <ClCompile Include="messageeditorwidgets.cpp">
      <Filter>Source Files</Filter>
    </ClCompile>
    <ClCompile Include="messagehighlighter.cpp">
      <Filter>Source Files</Filter>
    </ClCompile>
    <ClCompile Include="messagemodel.cpp">
      <Filter>Source Files</Filter>
    </ClCompile>
    <ClCompile Include="..\shared\numerus.cpp">
      <Filter>Source Files</Filter>
    </ClCompile>
    <ClCompile Include="phrase.cpp">
      <Filter>Source Files</Filter>
    </ClCompile>
    <ClCompile Include="phrasebookbox.cpp">
      <Filter>Source Files</Filter>
    </ClCompile>
    <ClCompile Include="phrasemodel.cpp">
      <Filter>Source Files</Filter>
    </ClCompile>
    <ClCompile Include="phraseview.cpp">
      <Filter>Source Files</Filter>
    </ClCompile>
    <ClCompile Include="..\shared\po.cpp">
      <Filter>Source Files</Filter>
    </ClCompile>
    <ClCompile Include="printout.cpp">
      <Filter>Source Files</Filter>
    </ClCompile>
    <ClCompile Include="..\shared\qm.cpp">
      <Filter>Source Files</Filter>
    </ClCompile>
    <ClCompile Include="..\shared\qph.cpp">
      <Filter>Source Files</Filter>
    </ClCompile>
    <ClCompile Include="recentfiles.cpp">
      <Filter>Source Files</Filter>
    </ClCompile>
    <ClCompile Include="..\shared\simtexth.cpp">
      <Filter>Source Files</Filter>
    </ClCompile>
    <ClCompile Include="sourcecodeview.cpp">
      <Filter>Source Files</Filter>
    </ClCompile>
    <ClCompile Include="statistics.cpp">
      <Filter>Source Files</Filter>
    </ClCompile>
    <ClCompile Include="translatedialog.cpp">
      <Filter>Source Files</Filter>
    </ClCompile>
    <ClCompile Include="translationsettingsdialog.cpp">
      <Filter>Source Files</Filter>
    </ClCompile>
    <ClCompile Include="..\shared\translator.cpp">
      <Filter>Source Files</Filter>
    </ClCompile>
    <ClCompile Include="..\shared\translatormessage.cpp">
      <Filter>Source Files</Filter>
    </ClCompile>
    <ClCompile Include="..\shared\ts.cpp">
      <Filter>Source Files</Filter>
    </ClCompile>
    <ClCompile Include="..\shared\xliff.cpp">
      <Filter>Source Files</Filter>
    </ClCompile>
  </ItemGroup>
  <ItemGroup>
    <CustomBuild Include="batchtranslationdialog.h">
      <Filter>Header Files</Filter>
    </CustomBuild>
    <CustomBuild Include="errorsview.h">
      <Filter>Header Files</Filter>
    </CustomBuild>
    <CustomBuild Include="finddialog.h">
      <Filter>Header Files</Filter>
    </CustomBuild>
    <CustomBuild Include="formpreviewview.h">
      <Filter>Header Files</Filter>
    </CustomBuild>
    <ClInclude Include="globals.h">
      <Filter>Header Files</Filter>
    </ClInclude>
    <CustomBuild Include="mainwindow.h">
      <Filter>Header Files</Filter>
    </CustomBuild>
    <CustomBuild Include="messageeditor.h">
      <Filter>Header Files</Filter>
    </CustomBuild>
    <CustomBuild Include="messageeditorwidgets.h">
      <Filter>Header Files</Filter>
    </CustomBuild>
    <CustomBuild Include="messagehighlighter.h">
      <Filter>Header Files</Filter>
    </CustomBuild>
    <CustomBuild Include="messagemodel.h">
      <Filter>Header Files</Filter>
    </CustomBuild>
    <CustomBuild Include="phrase.h">
      <Filter>Header Files</Filter>
    </CustomBuild>
    <CustomBuild Include="phrasebookbox.h">
      <Filter>Header Files</Filter>
    </CustomBuild>
    <CustomBuild Include="phrasemodel.h">
      <Filter>Header Files</Filter>
    </CustomBuild>
    <CustomBuild Include="phraseview.h">
      <Filter>Header Files</Filter>
    </CustomBuild>
    <ClInclude Include="printout.h">
      <Filter>Header Files</Filter>
    </ClInclude>
    <CustomBuild Include="recentfiles.h">
      <Filter>Header Files</Filter>
    </CustomBuild>
    <ClInclude Include="..\shared\simtexth.h">
      <Filter>Header Files</Filter>
    </ClInclude>
    <CustomBuild Include="sourcecodeview.h">
      <Filter>Header Files</Filter>
    </CustomBuild>
    <CustomBuild Include="statistics.h">
      <Filter>Header Files</Filter>
    </CustomBuild>
    <CustomBuild Include="translatedialog.h">
      <Filter>Header Files</Filter>
    </CustomBuild>
    <CustomBuild Include="translationsettingsdialog.h">
      <Filter>Header Files</Filter>
    </CustomBuild>
    <ClInclude Include="..\shared\translator.h">
      <Filter>Header Files</Filter>
    </ClInclude>
    <ClInclude Include="..\shared\translatormessage.h">
      <Filter>Header Files</Filter>
    </ClInclude>
  </ItemGroup>
  <ItemGroup>
    <CustomBuild Include="tmp\obj\debug_shared\linguist.res">
      <Filter>Generated Files</Filter>
    </CustomBuild>
    <CustomBuild Include="tmp\obj\release_shared\linguist.res">
      <Filter>Generated Files</Filter>
    </CustomBuild>
    <CustomBuild Include="tmp\moc\debug_shared\main.moc">
      <Filter>Generated Files</Filter>
    </CustomBuild>
    <CustomBuild Include="tmp\moc\release_shared\main.moc">
      <Filter>Generated Files</Filter>
    </CustomBuild>
    <ClCompile Include="tmp\moc\debug_shared\moc_batchtranslationdialog.cpp">
      <Filter>Generated Files</Filter>
    </ClCompile>
    <ClCompile Include="tmp\moc\release_shared\moc_batchtranslationdialog.cpp">
      <Filter>Generated Files</Filter>
    </ClCompile>
    <ClCompile Include="tmp\moc\debug_shared\moc_errorsview.cpp">
      <Filter>Generated Files</Filter>
    </ClCompile>
    <ClCompile Include="tmp\moc\release_shared\moc_errorsview.cpp">
      <Filter>Generated Files</Filter>
    </ClCompile>
    <ClCompile Include="tmp\moc\debug_shared\moc_finddialog.cpp">
      <Filter>Generated Files</Filter>
    </ClCompile>
    <ClCompile Include="tmp\moc\release_shared\moc_finddialog.cpp">
      <Filter>Generated Files</Filter>
    </ClCompile>
    <ClCompile Include="tmp\moc\debug_shared\moc_formpreviewview.cpp">
      <Filter>Generated Files</Filter>
    </ClCompile>
    <ClCompile Include="tmp\moc\release_shared\moc_formpreviewview.cpp">
      <Filter>Generated Files</Filter>
    </ClCompile>
    <ClCompile Include="tmp\moc\debug_shared\moc_mainwindow.cpp">
      <Filter>Generated Files</Filter>
    </ClCompile>
    <ClCompile Include="tmp\moc\release_shared\moc_mainwindow.cpp">
      <Filter>Generated Files</Filter>
    </ClCompile>
    <ClCompile Include="tmp\moc\debug_shared\moc_messageeditor.cpp">
      <Filter>Generated Files</Filter>
    </ClCompile>
    <ClCompile Include="tmp\moc\release_shared\moc_messageeditor.cpp">
      <Filter>Generated Files</Filter>
    </ClCompile>
    <ClCompile Include="tmp\moc\debug_shared\moc_messageeditorwidgets.cpp">
      <Filter>Generated Files</Filter>
    </ClCompile>
    <ClCompile Include="tmp\moc\release_shared\moc_messageeditorwidgets.cpp">
      <Filter>Generated Files</Filter>
    </ClCompile>
    <ClCompile Include="tmp\moc\debug_shared\moc_messagehighlighter.cpp">
      <Filter>Generated Files</Filter>
    </ClCompile>
    <ClCompile Include="tmp\moc\release_shared\moc_messagehighlighter.cpp">
      <Filter>Generated Files</Filter>
    </ClCompile>
    <ClCompile Include="tmp\moc\debug_shared\moc_messagemodel.cpp">
      <Filter>Generated Files</Filter>
    </ClCompile>
    <ClCompile Include="tmp\moc\release_shared\moc_messagemodel.cpp">
      <Filter>Generated Files</Filter>
    </ClCompile>
    <ClCompile Include="tmp\moc\debug_shared\moc_phrase.cpp">
      <Filter>Generated Files</Filter>
    </ClCompile>
    <ClCompile Include="tmp\moc\release_shared\moc_phrase.cpp">
      <Filter>Generated Files</Filter>
    </ClCompile>
    <ClCompile Include="tmp\moc\debug_shared\moc_phrasebookbox.cpp">
      <Filter>Generated Files</Filter>
    </ClCompile>
    <ClCompile Include="tmp\moc\release_shared\moc_phrasebookbox.cpp">
      <Filter>Generated Files</Filter>
    </ClCompile>
    <ClCompile Include="tmp\moc\debug_shared\moc_phrasemodel.cpp">
      <Filter>Generated Files</Filter>
    </ClCompile>
    <ClCompile Include="tmp\moc\release_shared\moc_phrasemodel.cpp">
      <Filter>Generated Files</Filter>
    </ClCompile>
    <ClCompile Include="tmp\moc\debug_shared\moc_phraseview.cpp">
      <Filter>Generated Files</Filter>
    </ClCompile>
    <ClCompile Include="tmp\moc\release_shared\moc_phraseview.cpp">
      <Filter>Generated Files</Filter>
    </ClCompile>
    <ClCompile Include="tmp\moc\debug_shared\moc_recentfiles.cpp">
      <Filter>Generated Files</Filter>
    </ClCompile>
    <ClCompile Include="tmp\moc\release_shared\moc_recentfiles.cpp">
      <Filter>Generated Files</Filter>
    </ClCompile>
    <ClCompile Include="tmp\moc\debug_shared\moc_sourcecodeview.cpp">
      <Filter>Generated Files</Filter>
    </ClCompile>
    <ClCompile Include="tmp\moc\release_shared\moc_sourcecodeview.cpp">
      <Filter>Generated Files</Filter>
    </ClCompile>
    <ClCompile Include="tmp\moc\debug_shared\moc_statistics.cpp">
      <Filter>Generated Files</Filter>
    </ClCompile>
    <ClCompile Include="tmp\moc\release_shared\moc_statistics.cpp">
      <Filter>Generated Files</Filter>
    </ClCompile>
    <ClCompile Include="tmp\moc\debug_shared\moc_translatedialog.cpp">
      <Filter>Generated Files</Filter>
    </ClCompile>
    <ClCompile Include="tmp\moc\release_shared\moc_translatedialog.cpp">
      <Filter>Generated Files</Filter>
    </ClCompile>
    <ClCompile Include="tmp\moc\debug_shared\moc_translationsettingsdialog.cpp">
      <Filter>Generated Files</Filter>
    </ClCompile>
    <ClCompile Include="tmp\moc\release_shared\moc_translationsettingsdialog.cpp">
      <Filter>Generated Files</Filter>
    </ClCompile>
    <ClCompile Include="tmp\rcc\debug_shared\qrc_linguist.cpp">
      <Filter>Generated Files</Filter>
    </ClCompile>
    <ClCompile Include="tmp\rcc\release_shared\qrc_linguist.cpp">
      <Filter>Generated Files</Filter>
    </ClCompile>
    <ClInclude Include="ui_batchtranslation.h">
      <Filter>Generated Files</Filter>
    </ClInclude>
    <ClInclude Include="ui_finddialog.h">
      <Filter>Generated Files</Filter>
    </ClInclude>
    <ClInclude Include="ui_mainwindow.h">
      <Filter>Generated Files</Filter>
    </ClInclude>
    <ClInclude Include="ui_phrasebookbox.h">
      <Filter>Generated Files</Filter>
    </ClInclude>
    <ClInclude Include="ui_statistics.h">
      <Filter>Generated Files</Filter>
    </ClInclude>
    <ClInclude Include="ui_translatedialog.h">
      <Filter>Generated Files</Filter>
    </ClInclude>
    <ClInclude Include="ui_translationsettings.h">
      <Filter>Generated Files</Filter>
    </ClInclude>
  </ItemGroup>
  <ItemGroup>
    <CustomBuild Include="batchtranslation.ui">
      <Filter>Form Files</Filter>
    </CustomBuild>
    <CustomBuild Include="finddialog.ui">
      <Filter>Form Files</Filter>
    </CustomBuild>
    <CustomBuild Include="mainwindow.ui">
      <Filter>Form Files</Filter>
    </CustomBuild>
    <CustomBuild Include="phrasebookbox.ui">
      <Filter>Form Files</Filter>
    </CustomBuild>
    <CustomBuild Include="statistics.ui">
      <Filter>Form Files</Filter>
    </CustomBuild>
    <CustomBuild Include="translatedialog.ui">
      <Filter>Form Files</Filter>
    </CustomBuild>
    <CustomBuild Include="translationsettings.ui">
      <Filter>Form Files</Filter>
    </CustomBuild>
  </ItemGroup>
  <ItemGroup>
    <CustomBuild Include="linguist.qrc">
      <Filter>Resource Files</Filter>
    </CustomBuild>
  </ItemGroup>
  <ItemGroup>
    <ResourceCompile Include="linguist.rc" />
  </ItemGroup>
</Project>