<?xml version="1.0" encoding="utf-8"?>
<Project ToolsVersion="4.0" xmlns="http://schemas.microsoft.com/developer/msbuild/2003">
  <ItemGroup>
    <Filter Include="Generated Files">
      <UniqueIdentifier>{71ED8ED8-ACB9-4CE9-BBE1-E00B30144E11}</UniqueIdentifier>
      <Extensions>cpp;c;cxx;moc;h;def;odl;idl;res;</Extensions>
    </Filter>
    <Filter Include="Generated Files">
      <UniqueIdentifier>{71ED8ED8-ACB9-4CE9-BBE1-E00B30144E11}</UniqueIdentifier>
      <Extensions>cpp;c;cxx;moc;h;def;odl;idl;res;</Extensions>
    </Filter>
    <Filter Include="Header Files">
      <UniqueIdentifier>{93995380-89BD-4b04-88EB-625FBE52EBFB}</UniqueIdentifier>
      <Extensions>h;hpp;hxx;hm;inl;inc;xsd</Extensions>
    </Filter>
    <Filter Include="Header Files">
      <UniqueIdentifier>{93995380-89BD-4b04-88EB-625FBE52EBFB}</UniqueIdentifier>
      <Extensions>h;hpp;hxx;hm;inl;inc;xsd</Extensions>
    </Filter>
    <Filter Include="Source Files">
      <UniqueIdentifier>{4FC737F1-C7A5-4376-A066-2A32D752A2FF}</UniqueIdentifier>
      <Extensions>cpp;c;cxx;def;odl;idl;hpj;bat;asm;asmx</Extensions>
    </Filter>
    <Filter Include="Source Files">
      <UniqueIdentifier>{4FC737F1-C7A5-4376-A066-2A32D752A2FF}</UniqueIdentifier>
      <Extensions>cpp;c;cxx;def;odl;idl;hpj;bat;asm;asmx</Extensions>
    </Filter>
  </ItemGroup>
  <ItemGroup>
    <ClCompile Include="cpp.cpp">
      <Filter>Source Files</Filter>
    </ClCompile>
    <ClCompile Include="..\shared\ioutils.cpp">
      <Filter>Source Files</Filter>
    </ClCompile>
    <ClCompile Include="java.cpp">
      <Filter>Source Files</Filter>
    </ClCompile>
    <ClCompile Include="main.cpp">
      <Filter>Source Files</Filter>
    </ClCompile>
    <ClCompile Include="merge.cpp">
      <Filter>Source Files</Filter>
    </ClCompile>
    <ClCompile Include="..\shared\numerus.cpp">
      <Filter>Source Files</Filter>
    </ClCompile>
    <ClCompile Include="..\shared\po.cpp">
      <Filter>Source Files</Filter>
    </ClCompile>
    <ClCompile Include="..\shared\profileevaluator.cpp">
      <Filter>Source Files</Filter>
    </ClCompile>
    <ClCompile Include="..\shared\profileparser.cpp">
      <Filter>Source Files</Filter>
    </ClCompile>
    <ClCompile Include="..\shared\proitems.cpp">
      <Filter>Source Files</Filter>
    </ClCompile>
    <ClCompile Include="qdeclarative.cpp">
      <Filter>Source Files</Filter>
    </ClCompile>
    <ClCompile Include="..\..\..\src\declarative\qml\parser\qdeclarativejsast.cpp">
      <Filter>Source Files</Filter>
    </ClCompile>
    <ClCompile Include="..\..\..\src\declarative\qml\parser\qdeclarativejsastvisitor.cpp">
      <Filter>Source Files</Filter>
    </ClCompile>
    <ClCompile Include="..\..\..\src\declarative\qml\parser\qdeclarativejsengine_p.cpp">
      <Filter>Source Files</Filter>
    </ClCompile>
    <ClCompile Include="..\..\..\src\declarative\qml\parser\qdeclarativejsgrammar.cpp">
      <Filter>Source Files</Filter>
    </ClCompile>
    <ClCompile Include="..\..\..\src\declarative\qml\parser\qdeclarativejslexer.cpp">
      <Filter>Source Files</Filter>
    </ClCompile>
    <ClCompile Include="..\..\..\src\declarative\qml\parser\qdeclarativejsparser.cpp">
      <Filter>Source Files</Filter>
    </ClCompile>
    <ClCompile Include="..\shared\qm.cpp">
      <Filter>Source Files</Filter>
    </ClCompile>
    <ClCompile Include="..\shared\qph.cpp">
      <Filter>Source Files</Filter>
    </ClCompile>
    <ClCompile Include="qscript.cpp">
      <Filter>Source Files</Filter>
    </ClCompile>
    <ClCompile Include="..\shared\simtexth.cpp">
      <Filter>Source Files</Filter>
    </ClCompile>
    <ClCompile Include="..\shared\translator.cpp">
      <Filter>Source Files</Filter>
    </ClCompile>
    <ClCompile Include="..\shared\translatormessage.cpp">
      <Filter>Source Files</Filter>
    </ClCompile>
    <ClCompile Include="..\shared\ts.cpp">
      <Filter>Source Files</Filter>
    </ClCompile>
    <ClCompile Include="ui.cpp">
      <Filter>Source Files</Filter>
    </ClCompile>
    <ClCompile Include="..\shared\xliff.cpp">
      <Filter>Source Files</Filter>
    </ClCompile>
  </ItemGroup>
  <ItemGroup>
    <ClInclude Include="..\shared\ioutils.h">
      <Filter>Header Files</Filter>
    </ClInclude>
    <ClInclude Include="lupdate.h">
      <Filter>Header Files</Filter>
    </ClInclude>
    <ClInclude Include="..\shared\profileevaluator.h">
      <Filter>Header Files</Filter>
    </ClInclude>
    <ClInclude Include="..\shared\profileparser.h">
      <Filter>Header Files</Filter>
    </ClInclude>
    <ClInclude Include="..\shared\proitems.h">
      <Filter>Header Files</Filter>
    </ClInclude>
    <ClInclude Include="..\shared\proparser_global.h">
      <Filter>Header Files</Filter>
    </ClInclude>
    <ClInclude Include="..\..\..\src\declarative\qml\parser\qdeclarativejsast_p.h">
      <Filter>Header Files</Filter>
    </ClInclude>
    <ClInclude Include="..\..\..\src\declarative\qml\parser\qdeclarativejsastfwd_p.h">
      <Filter>Header Files</Filter>
    </ClInclude>
    <ClInclude Include="..\..\..\src\declarative\qml\parser\qdeclarativejsastvisitor_p.h">
      <Filter>Header Files</Filter>
    </ClInclude>
    <ClInclude Include="..\..\..\src\declarative\qml\parser\qdeclarativejsengine_p.h">
      <Filter>Header Files</Filter>
    </ClInclude>
    <ClInclude Include="..\..\..\src\declarative\qml\parser\qdeclarativejsglobal_p.h">
      <Filter>Header Files</Filter>
    </ClInclude>
    <ClInclude Include="..\..\..\src\declarative\qml\parser\qdeclarativejsgrammar_p.h">
      <Filter>Header Files</Filter>
    </ClInclude>
    <ClInclude Include="..\..\..\src\declarative\qml\parser\qdeclarativejslexer_p.h">
      <Filter>Header Files</Filter>
    </ClInclude>
    <ClInclude Include="..\..\..\src\declarative\qml\parser\qdeclarativejsmemorypool_p.h">
      <Filter>Header Files</Filter>
    </ClInclude>
    <ClInclude Include="..\..\..\src\declarative\qml\parser\qdeclarativejsnodepool_p.h">
      <Filter>Header Files</Filter>
    </ClInclude>
    <ClInclude Include="..\..\..\src\declarative\qml\parser\qdeclarativejsparser_p.h">
      <Filter>Header Files</Filter>
    </ClInclude>
    <ClInclude Include="..\shared\simtexth.h">
      <Filter>Header Files</Filter>
    </ClInclude>
    <ClInclude Include="..\shared\translator.h">
      <Filter>Header Files</Filter>
    </ClInclude>
    <ClInclude Include="..\shared\translatormessage.h">
      <Filter>Header Files</Filter>
    </ClInclude>
  </ItemGroup>
  <ItemGroup>
    <CustomBuild Include="tmp\obj\debug_shared\winmanifest.res">
      <Filter>Generated Files</Filter>
    </CustomBuild>
    <CustomBuild Include="tmp\obj\release_shared\winmanifest.res">
      <Filter>Generated Files</Filter>
    </CustomBuild>
  </ItemGroup>
  <ItemGroup>
    <ResourceCompile Include="winmanifest.rc" />
  </ItemGroup>
</Project>