<?xml version="1.0" encoding="utf-8"?>
<Project ToolsVersion="4.0" xmlns="http://schemas.microsoft.com/developer/msbuild/2003">
  <ItemGroup>
    <Filter Include="Generated Files">
      <UniqueIdentifier>{71ED8ED8-ACB9-4CE9-BBE1-E00B30144E11}</UniqueIdentifier>
      <Extensions>cpp;c;cxx;moc;h;def;odl;idl;res;</Extensions>
    </Filter>
    <Filter Include="Generated Files">
      <UniqueIdentifier>{71ED8ED8-ACB9-4CE9-BBE1-E00B30144E11}</UniqueIdentifier>
      <Extensions>cpp;c;cxx;moc;h;def;odl;idl;res;</Extensions>
    </Filter>
    <Filter Include="Header Files">
      <UniqueIdentifier>{93995380-89BD-4b04-88EB-625FBE52EBFB}</UniqueIdentifier>
      <Extensions>h;hpp;hxx;hm;inl;inc;xsd</Extensions>
    </Filter>
    <Filter Include="Header Files">
      <UniqueIdentifier>{93995380-89BD-4b04-88EB-625FBE52EBFB}</UniqueIdentifier>
      <Extensions>h;hpp;hxx;hm;inl;inc;xsd</Extensions>
    </Filter>
    <Filter Include="Source Files">
      <UniqueIdentifier>{4FC737F1-C7A5-4376-A066-2A32D752A2FF}</UniqueIdentifier>
      <Extensions>cpp;c;cxx;def;odl;idl;hpj;bat;asm;asmx</Extensions>
    </Filter>
    <Filter Include="Source Files">
      <UniqueIdentifier>{4FC737F1-C7A5-4376-A066-2A32D752A2FF}</UniqueIdentifier>
      <Extensions>cpp;c;cxx;def;odl;idl;hpj;bat;asm;asmx</Extensions>
    </Filter>
  </ItemGroup>
  <ItemGroup>
    <ClCompile Include="kernel\qsqlcachedresult.cpp">
      <Filter>Source Files</Filter>
    </ClCompile>
    <ClCompile Include="kernel\qsqldatabase.cpp">
      <Filter>Source Files</Filter>
    </ClCompile>
    <ClCompile Include="kernel\qsqldriver.cpp">
      <Filter>Source Files</Filter>
    </ClCompile>
    <ClCompile Include="kernel\qsqldriverplugin.cpp">
      <Filter>Source Files</Filter>
    </ClCompile>
    <ClCompile Include="kernel\qsqlerror.cpp">
      <Filter>Source Files</Filter>
    </ClCompile>
    <ClCompile Include="kernel\qsqlfield.cpp">
      <Filter>Source Files</Filter>
    </ClCompile>
    <ClCompile Include="kernel\qsqlindex.cpp">
      <Filter>Source Files</Filter>
    </ClCompile>
    <ClCompile Include="kernel\qsqlquery.cpp">
      <Filter>Source Files</Filter>
    </ClCompile>
    <ClCompile Include="models\qsqlquerymodel.cpp">
      <Filter>Source Files</Filter>
    </ClCompile>
    <ClCompile Include="kernel\qsqlrecord.cpp">
      <Filter>Source Files</Filter>
    </ClCompile>
    <ClCompile Include="models\qsqlrelationaldelegate.cpp">
      <Filter>Source Files</Filter>
    </ClCompile>
    <ClCompile Include="models\qsqlrelationaltablemodel.cpp">
      <Filter>Source Files</Filter>
    </ClCompile>
    <ClCompile Include="kernel\qsqlresult.cpp">
      <Filter>Source Files</Filter>
    </ClCompile>
    <ClCompile Include="models\qsqltablemodel.cpp">
      <Filter>Source Files</Filter>
    </ClCompile>
  </ItemGroup>
  <ItemGroup>
    <ClInclude Include="kernel\qsql.h">
      <Filter>Header Files</Filter>
    </ClInclude>
    <ClInclude Include="kernel\qsqlcachedresult_p.h">
      <Filter>Header Files</Filter>
    </ClInclude>
    <ClInclude Include="kernel\qsqldatabase.h">
      <Filter>Header Files</Filter>
    </ClInclude>
    <CustomBuild Include="kernel\qsqldriver.h">
      <Filter>Header Files</Filter>
    </CustomBuild>
    <CustomBuild Include="kernel\qsqldriverplugin.h">
      <Filter>Header Files</Filter>
    </CustomBuild>
    <ClInclude Include="kernel\qsqlerror.h">
      <Filter>Header Files</Filter>
    </ClInclude>
    <ClInclude Include="kernel\qsqlfield.h">
      <Filter>Header Files</Filter>
    </ClInclude>
    <ClInclude Include="kernel\qsqlindex.h">
      <Filter>Header Files</Filter>
    </ClInclude>
    <ClInclude Include="kernel\qsqlnulldriver_p.h">
      <Filter>Header Files</Filter>
    </ClInclude>
    <ClInclude Include="kernel\qsqlquery.h">
      <Filter>Header Files</Filter>
    </ClInclude>
    <CustomBuild Include="models\qsqlquerymodel.h">
      <Filter>Header Files</Filter>
    </CustomBuild>
    <ClInclude Include="models\qsqlquerymodel_p.h">
      <Filter>Header Files</Filter>
    </ClInclude>
    <ClInclude Include="kernel\qsqlrecord.h">
      <Filter>Header Files</Filter>
    </ClInclude>
    <ClInclude Include="models\qsqlrelationaldelegate.h">
      <Filter>Header Files</Filter>
    </ClInclude>
    <CustomBuild Include="models\qsqlrelationaltablemodel.h">
      <Filter>Header Files</Filter>
    </CustomBuild>
    <ClInclude Include="kernel\qsqlresult.h">
      <Filter>Header Files</Filter>
    </ClInclude>
    <CustomBuild Include="models\qsqltablemodel.h">
      <Filter>Header Files</Filter>
    </CustomBuild>
    <ClInclude Include="models\qsqltablemodel_p.h">
      <Filter>Header Files</Filter>
    </ClInclude>
    <CustomBuild Include="..\corelib\global\qt_pch.h">
      <Filter>Header Files</Filter>
    </CustomBuild>
  </ItemGroup>
  <ItemGroup>
    <CustomBuild Include="tmp\obj\release_shared\QtSql_resource.res">
      <Filter>Generated Files</Filter>
    </CustomBuild>
    <CustomBuild Include="tmp\obj\debug_shared\QtSqld_resource.res">
      <Filter>Generated Files</Filter>
    </CustomBuild>
    <ClCompile Include="tmp\moc\debug_shared\moc_qsqldriver.cpp">
      <Filter>Generated Files</Filter>
    </ClCompile>
    <ClCompile Include="tmp\moc\release_shared\moc_qsqldriver.cpp">
      <Filter>Generated Files</Filter>
    </ClCompile>
    <ClCompile Include="tmp\moc\debug_shared\moc_qsqldriverplugin.cpp">
      <Filter>Generated Files</Filter>
    </ClCompile>
    <ClCompile Include="tmp\moc\release_shared\moc_qsqldriverplugin.cpp">
      <Filter>Generated Files</Filter>
    </ClCompile>
    <ClCompile Include="tmp\moc\debug_shared\moc_qsqlquerymodel.cpp">
      <Filter>Generated Files</Filter>
    </ClCompile>
    <ClCompile Include="tmp\moc\release_shared\moc_qsqlquerymodel.cpp">
      <Filter>Generated Files</Filter>
    </ClCompile>
    <ClCompile Include="tmp\moc\debug_shared\moc_qsqlrelationaltablemodel.cpp">
      <Filter>Generated Files</Filter>
    </ClCompile>
    <ClCompile Include="tmp\moc\release_shared\moc_qsqlrelationaltablemodel.cpp">
      <Filter>Generated Files</Filter>
    </ClCompile>
    <ClCompile Include="tmp\moc\debug_shared\moc_qsqltablemodel.cpp">
      <Filter>Generated Files</Filter>
    </ClCompile>
    <ClCompile Include="tmp\moc\release_shared\moc_qsqltablemodel.cpp">
      <Filter>Generated Files</Filter>
    </ClCompile>
    <ClCompile Include="..\corelib\global\qt_pch.h.cpp">
      <Filter>Generated Files</Filter>
    </ClCompile>
  </ItemGroup>
  <ItemGroup>
    <ResourceCompile Include="c:\Trunk2016\Contribs\Qt\4.8.5\win_VS2012\src\sql\QtSql_resource.rc" />
    <ResourceCompile Include="c:\Trunk2016\Contribs\Qt\4.8.5\win_VS2012\src\sql\QtSqld_resource.rc" />
  </ItemGroup>
</Project>