<?xml version="1.0" encoding="utf-8"?>
<Project ToolsVersion="4.0" xmlns="http://schemas.microsoft.com/developer/msbuild/2003">
  <ItemGroup>
    <Filter Include="Generated Files">
      <UniqueIdentifier>{71ED8ED8-ACB9-4CE9-BBE1-E00B30144E11}</UniqueIdentifier>
      <Extensions>cpp;c;cxx;moc;h;def;odl;idl;res;</Extensions>
    </Filter>
    <Filter Include="Generated Files">
      <UniqueIdentifier>{71ED8ED8-ACB9-4CE9-BBE1-E00B30144E11}</UniqueIdentifier>
      <Extensions>cpp;c;cxx;moc;h;def;odl;idl;res;</Extensions>
    </Filter>
    <Filter Include="Header Files">
      <UniqueIdentifier>{93995380-89BD-4b04-88EB-625FBE52EBFB}</UniqueIdentifier>
      <Extensions>h;hpp;hxx;hm;inl;inc;xsd</Extensions>
    </Filter>
    <Filter Include="Header Files">
      <UniqueIdentifier>{93995380-89BD-4b04-88EB-625FBE52EBFB}</UniqueIdentifier>
      <Extensions>h;hpp;hxx;hm;inl;inc;xsd</Extensions>
    </Filter>
    <Filter Include="Source Files">
      <UniqueIdentifier>{4FC737F1-C7A5-4376-A066-2A32D752A2FF}</UniqueIdentifier>
      <Extensions>cpp;c;cxx;def;odl;idl;hpj;bat;asm;asmx</Extensions>
    </Filter>
    <Filter Include="Source Files">
      <UniqueIdentifier>{4FC737F1-C7A5-4376-A066-2A32D752A2FF}</UniqueIdentifier>
      <Extensions>cpp;c;cxx;def;odl;idl;hpj;bat;asm;asmx</Extensions>
    </Filter>
  </ItemGroup>
  <ItemGroup>
    <ClCompile Include="..\3rdparty\phonon\phonon\abstractaudiooutput.cpp">
      <Filter>Source Files</Filter>
    </ClCompile>
    <ClCompile Include="..\3rdparty\phonon\phonon\abstractaudiooutput_p.cpp">
      <Filter>Source Files</Filter>
    </ClCompile>
    <ClCompile Include="..\3rdparty\phonon\phonon\abstractmediastream.cpp">
      <Filter>Source Files</Filter>
    </ClCompile>
    <ClCompile Include="..\3rdparty\phonon\phonon\abstractvideooutput.cpp">
      <Filter>Source Files</Filter>
    </ClCompile>
    <ClCompile Include="..\3rdparty\phonon\phonon\abstractvideooutput_p.cpp">
      <Filter>Source Files</Filter>
    </ClCompile>
    <ClCompile Include="..\3rdparty\phonon\phonon\audiodataoutput.cpp">
      <Filter>Source Files</Filter>
    </ClCompile>
    <ClCompile Include="..\3rdparty\phonon\phonon\audiooutput.cpp">
      <Filter>Source Files</Filter>
    </ClCompile>
    <ClCompile Include="..\3rdparty\phonon\phonon\audiooutputinterface.cpp">
      <Filter>Source Files</Filter>
    </ClCompile>
    <ClCompile Include="..\3rdparty\phonon\phonon\backendcapabilities.cpp">
      <Filter>Source Files</Filter>
    </ClCompile>
    <ClCompile Include="..\3rdparty\phonon\phonon\effect.cpp">
      <Filter>Source Files</Filter>
    </ClCompile>
    <ClCompile Include="..\3rdparty\phonon\phonon\effectparameter.cpp">
      <Filter>Source Files</Filter>
    </ClCompile>
    <ClCompile Include="..\3rdparty\phonon\phonon\effectwidget.cpp">
      <Filter>Source Files</Filter>
    </ClCompile>
    <ClCompile Include="..\3rdparty\phonon\phonon\factory.cpp">
      <Filter>Source Files</Filter>
    </ClCompile>
    <ClCompile Include="..\3rdparty\phonon\phonon\globalconfig.cpp">
      <Filter>Source Files</Filter>
    </ClCompile>
    <ClCompile Include="..\3rdparty\phonon\phonon\iodevicestream.cpp">
      <Filter>Source Files</Filter>
    </ClCompile>
    <ClCompile Include="..\3rdparty\phonon\phonon\mediacontroller.cpp">
      <Filter>Source Files</Filter>
    </ClCompile>
    <ClCompile Include="..\3rdparty\phonon\phonon\medianode.cpp">
      <Filter>Source Files</Filter>
    </ClCompile>
    <ClCompile Include="..\3rdparty\phonon\phonon\mediaobject.cpp">
      <Filter>Source Files</Filter>
    </ClCompile>
    <ClCompile Include="..\3rdparty\phonon\phonon\mediasource.cpp">
      <Filter>Source Files</Filter>
    </ClCompile>
    <ClCompile Include="..\3rdparty\phonon\phonon\objectdescription.cpp">
      <Filter>Source Files</Filter>
    </ClCompile>
    <ClCompile Include="..\3rdparty\phonon\phonon\objectdescriptionmodel.cpp">
      <Filter>Source Files</Filter>
    </ClCompile>
    <ClCompile Include="..\3rdparty\phonon\phonon\path.cpp">
      <Filter>Source Files</Filter>
    </ClCompile>
    <ClCompile Include="..\3rdparty\phonon\phonon\phononnamespace.cpp">
      <Filter>Source Files</Filter>
    </ClCompile>
    <ClCompile Include="..\3rdparty\phonon\phonon\platform.cpp">
      <Filter>Source Files</Filter>
    </ClCompile>
    <ClCompile Include="..\3rdparty\phonon\phonon\pulsesupport.cpp">
      <Filter>Source Files</Filter>
    </ClCompile>
    <ClCompile Include="..\3rdparty\phonon\phonon\seekslider.cpp">
      <Filter>Source Files</Filter>
    </ClCompile>
    <ClCompile Include="..\3rdparty\phonon\phonon\streaminterface.cpp">
      <Filter>Source Files</Filter>
    </ClCompile>
    <ClCompile Include="..\3rdparty\phonon\phonon\swiftslider.cpp">
      <Filter>Source Files</Filter>
    </ClCompile>
    <ClCompile Include="..\3rdparty\phonon\phonon\videoplayer.cpp">
      <Filter>Source Files</Filter>
    </ClCompile>
    <ClCompile Include="..\3rdparty\phonon\phonon\videowidget.cpp">
      <Filter>Source Files</Filter>
    </ClCompile>
    <ClCompile Include="..\3rdparty\phonon\phonon\volumefadereffect.cpp">
      <Filter>Source Files</Filter>
    </ClCompile>
    <ClCompile Include="..\3rdparty\phonon\phonon\volumeslider.cpp">
      <Filter>Source Files</Filter>
    </ClCompile>
  </ItemGroup>
  <ItemGroup>
    <CustomBuild Include="..\3rdparty\phonon\phonon\abstractaudiooutput.h">
      <Filter>Header Files</Filter>
    </CustomBuild>
    <ClInclude Include="..\3rdparty\phonon\phonon\abstractaudiooutput_p.h">
      <Filter>Header Files</Filter>
    </ClInclude>
    <CustomBuild Include="..\3rdparty\phonon\phonon\abstractmediastream.h">
      <Filter>Header Files</Filter>
    </CustomBuild>
    <ClInclude Include="..\3rdparty\phonon\phonon\abstractmediastream_p.h">
      <Filter>Header Files</Filter>
    </ClInclude>
    <ClInclude Include="..\3rdparty\phonon\phonon\abstractvideooutput.h">
      <Filter>Header Files</Filter>
    </ClInclude>
    <ClInclude Include="..\3rdparty\phonon\phonon\abstractvideooutput_p.h">
      <Filter>Header Files</Filter>
    </ClInclude>
    <ClInclude Include="..\3rdparty\phonon\phonon\addoninterface.h">
      <Filter>Header Files</Filter>
    </ClInclude>
    <CustomBuild Include="..\3rdparty\phonon\phonon\audiodataoutput.h">
      <Filter>Header Files</Filter>
    </CustomBuild>
    <ClInclude Include="..\3rdparty\phonon\phonon\audiodataoutput_p.h">
      <Filter>Header Files</Filter>
    </ClInclude>
    <ClInclude Include="..\3rdparty\phonon\phonon\audiodataoutputinterface.h">
      <Filter>Header Files</Filter>
    </ClInclude>
    <CustomBuild Include="..\3rdparty\phonon\phonon\audiooutput.h">
      <Filter>Header Files</Filter>
    </CustomBuild>
    <ClInclude Include="..\3rdparty\phonon\phonon\audiooutput_p.h">
      <Filter>Header Files</Filter>
    </ClInclude>
    <ClInclude Include="..\3rdparty\phonon\phonon\audiooutputinterface.h">
      <Filter>Header Files</Filter>
    </ClInclude>
    <CustomBuild Include="..\3rdparty\phonon\phonon\backendcapabilities.h">
      <Filter>Header Files</Filter>
    </CustomBuild>
    <ClInclude Include="..\3rdparty\phonon\phonon\backendcapabilities_p.h">
      <Filter>Header Files</Filter>
    </ClInclude>
    <ClInclude Include="..\3rdparty\phonon\phonon\backendinterface.h">
      <Filter>Header Files</Filter>
    </ClInclude>
    <CustomBuild Include="..\3rdparty\phonon\phonon\effect.h">
      <Filter>Header Files</Filter>
    </CustomBuild>
    <ClInclude Include="..\3rdparty\phonon\phonon\effect_p.h">
      <Filter>Header Files</Filter>
    </ClInclude>
    <ClInclude Include="..\3rdparty\phonon\phonon\effectinterface.h">
      <Filter>Header Files</Filter>
    </ClInclude>
    <ClInclude Include="..\3rdparty\phonon\phonon\effectparameter.h">
      <Filter>Header Files</Filter>
    </ClInclude>
    <ClInclude Include="..\3rdparty\phonon\phonon\effectparameter_p.h">
      <Filter>Header Files</Filter>
    </ClInclude>
    <CustomBuild Include="..\3rdparty\phonon\phonon\effectwidget.h">
      <Filter>Header Files</Filter>
    </CustomBuild>
    <ClInclude Include="..\3rdparty\phonon\phonon\effectwidget_p.h">
      <Filter>Header Files</Filter>
    </ClInclude>
    <CustomBuild Include="..\3rdparty\phonon\phonon\factory_p.h">
      <Filter>Header Files</Filter>
    </CustomBuild>
    <ClInclude Include="..\3rdparty\phonon\phonon\frontendinterface_p.h">
      <Filter>Header Files</Filter>
    </ClInclude>
    <ClInclude Include="..\3rdparty\phonon\phonon\globalconfig.h">
      <Filter>Header Files</Filter>
    </ClInclude>
    <ClInclude Include="..\3rdparty\phonon\phonon\globalconfig_p.h">
      <Filter>Header Files</Filter>
    </ClInclude>
    <CustomBuild Include="..\3rdparty\phonon\phonon\iodevicestream_p.h">
      <Filter>Header Files</Filter>
    </CustomBuild>
    <CustomBuild Include="..\3rdparty\phonon\phonon\mediacontroller.h">
      <Filter>Header Files</Filter>
    </CustomBuild>
    <ClInclude Include="..\3rdparty\phonon\phonon\medianode.h">
      <Filter>Header Files</Filter>
    </ClInclude>
    <ClInclude Include="..\3rdparty\phonon\phonon\medianode_p.h">
      <Filter>Header Files</Filter>
    </ClInclude>
    <ClInclude Include="..\3rdparty\phonon\phonon\medianodedestructionhandler_p.h">
      <Filter>Header Files</Filter>
    </ClInclude>
    <CustomBuild Include="..\3rdparty\phonon\phonon\mediaobject.h">
      <Filter>Header Files</Filter>
    </CustomBuild>
    <ClInclude Include="..\3rdparty\phonon\phonon\mediaobject_p.h">
      <Filter>Header Files</Filter>
    </ClInclude>
    <ClInclude Include="..\3rdparty\phonon\phonon\mediaobjectinterface.h">
      <Filter>Header Files</Filter>
    </ClInclude>
    <ClInclude Include="..\3rdparty\phonon\phonon\mediasource.h">
      <Filter>Header Files</Filter>
    </ClInclude>
    <ClInclude Include="..\3rdparty\phonon\phonon\mediasource_p.h">
      <Filter>Header Files</Filter>
    </ClInclude>
    <ClInclude Include="..\3rdparty\phonon\phonon\objectdescription.h">
      <Filter>Header Files</Filter>
    </ClInclude>
    <ClInclude Include="..\3rdparty\phonon\phonon\objectdescription_p.h">
      <Filter>Header Files</Filter>
    </ClInclude>
    <ClInclude Include="..\3rdparty\phonon\phonon\objectdescriptionmodel.h">
      <Filter>Header Files</Filter>
    </ClInclude>
    <ClInclude Include="..\3rdparty\phonon\phonon\objectdescriptionmodel_p.h">
      <Filter>Header Files</Filter>
    </ClInclude>
    <ClInclude Include="..\3rdparty\phonon\phonon\path.h">
      <Filter>Header Files</Filter>
    </ClInclude>
    <ClInclude Include="..\3rdparty\phonon\phonon\path_p.h">
      <Filter>Header Files</Filter>
    </ClInclude>
    <ClInclude Include="..\3rdparty\phonon\phonon\phonondefs.h">
      <Filter>Header Files</Filter>
    </ClInclude>
    <ClInclude Include="..\3rdparty\phonon\phonon\phonondefs_p.h">
      <Filter>Header Files</Filter>
    </ClInclude>
    <ClInclude Include="..\3rdparty\phonon\phonon\phononnamespace.h">
      <Filter>Header Files</Filter>
    </ClInclude>
    <ClInclude Include="..\3rdparty\phonon\phonon\phononnamespace_p.h">
      <Filter>Header Files</Filter>
    </ClInclude>
    <ClInclude Include="..\3rdparty\phonon\phonon\platform_p.h">
      <Filter>Header Files</Filter>
    </ClInclude>
    <ClInclude Include="..\3rdparty\phonon\phonon\platformplugin.h">
      <Filter>Header Files</Filter>
    </ClInclude>
    <CustomBuild Include="..\3rdparty\phonon\phonon\pulsesupport.h">
      <Filter>Header Files</Filter>
    </CustomBuild>
    <ClInclude Include="..\3rdparty\phonon\phonon\qsettingsgroup_p.h">
      <Filter>Header Files</Filter>
    </ClInclude>
    <CustomBuild Include="..\3rdparty\phonon\phonon\seekslider.h">
      <Filter>Header Files</Filter>
    </CustomBuild>
    <ClInclude Include="..\3rdparty\phonon\phonon\seekslider_p.h">
      <Filter>Header Files</Filter>
    </ClInclude>
    <ClInclude Include="..\3rdparty\phonon\phonon\streaminterface.h">
      <Filter>Header Files</Filter>
    </ClInclude>
    <ClInclude Include="..\3rdparty\phonon\phonon\streaminterface_p.h">
      <Filter>Header Files</Filter>
    </ClInclude>
    <CustomBuild Include="..\3rdparty\phonon\phonon\swiftslider_p.h">
      <Filter>Header Files</Filter>
    </CustomBuild>
    <CustomBuild Include="..\3rdparty\phonon\phonon\videoplayer.h">
      <Filter>Header Files</Filter>
    </CustomBuild>
    <CustomBuild Include="..\3rdparty\phonon\phonon\videowidget.h">
      <Filter>Header Files</Filter>
    </CustomBuild>
    <ClInclude Include="..\3rdparty\phonon\phonon\videowidget_p.h">
      <Filter>Header Files</Filter>
    </ClInclude>
    <ClInclude Include="..\3rdparty\phonon\phonon\videowidgetinterface.h">
      <Filter>Header Files</Filter>
    </ClInclude>
    <CustomBuild Include="..\3rdparty\phonon\phonon\volumefadereffect.h">
      <Filter>Header Files</Filter>
    </CustomBuild>
    <ClInclude Include="..\3rdparty\phonon\phonon\volumefadereffect_p.h">
      <Filter>Header Files</Filter>
    </ClInclude>
    <ClInclude Include="..\3rdparty\phonon\phonon\volumefaderinterface.h">
      <Filter>Header Files</Filter>
    </ClInclude>
    <CustomBuild Include="..\3rdparty\phonon\phonon\volumeslider.h">
      <Filter>Header Files</Filter>
    </CustomBuild>
    <ClInclude Include="..\3rdparty\phonon\phonon\volumeslider_p.h">
      <Filter>Header Files</Filter>
    </ClInclude>
  </ItemGroup>
  <ItemGroup>
    <CustomBuild Include="tmp\moc\debug_shared\factory.moc">
      <Filter>Generated Files</Filter>
    </CustomBuild>
    <CustomBuild Include="tmp\moc\release_shared\factory.moc">
      <Filter>Generated Files</Filter>
    </CustomBuild>
    <ClCompile Include="tmp\moc\debug_shared\moc_audiodataoutput.cpp">
      <Filter>Generated Files</Filter>
    </ClCompile>
    <ClCompile Include="tmp\moc\release_shared\moc_audiodataoutput.cpp">
      <Filter>Generated Files</Filter>
    </ClCompile>
    <CustomBuild Include="tmp\obj\release_shared\phonon_resource.res">
      <Filter>Generated Files</Filter>
    </CustomBuild>
    <CustomBuild Include="tmp\obj\debug_shared\phonond_resource.res">
      <Filter>Generated Files</Filter>
    </CustomBuild>
  </ItemGroup>
  <ItemGroup>
    <ResourceCompile Include="c:\Trunk2012\Contribs\Qt\4.8.5\win_VS2012\src\phonon\phonon_resource.rc" />
    <ResourceCompile Include="c:\Trunk2012\Contribs\Qt\4.8.5\win_VS2012\src\phonon\phonond_resource.rc" />
  </ItemGroup>
</Project>