<?xml version="1.0" encoding="utf-8"?>
<Project ToolsVersion="4.0" xmlns="http://schemas.microsoft.com/developer/msbuild/2003">
  <ItemGroup>
    <Filter Include="Generated Files">
      <UniqueIdentifier>{71ED8ED8-ACB9-4CE9-BBE1-E00B30144E11}</UniqueIdentifier>
      <Extensions>cpp;c;cxx;moc;h;def;odl;idl;res;</Extensions>
    </Filter>
    <Filter Include="Generated Files">
      <UniqueIdentifier>{71ED8ED8-ACB9-4CE9-BBE1-E00B30144E11}</UniqueIdentifier>
      <Extensions>cpp;c;cxx;moc;h;def;odl;idl;res;</Extensions>
    </Filter>
    <Filter Include="Header Files">
      <UniqueIdentifier>{93995380-89BD-4b04-88EB-625FBE52EBFB}</UniqueIdentifier>
      <Extensions>h;hpp;hxx;hm;inl;inc;xsd</Extensions>
    </Filter>
    <Filter Include="Header Files">
      <UniqueIdentifier>{93995380-89BD-4b04-88EB-625FBE52EBFB}</UniqueIdentifier>
      <Extensions>h;hpp;hxx;hm;inl;inc;xsd</Extensions>
    </Filter>
    <Filter Include="Source Files">
      <UniqueIdentifier>{4FC737F1-C7A5-4376-A066-2A32D752A2FF}</UniqueIdentifier>
      <Extensions>cpp;c;cxx;def;odl;idl;hpj;bat;asm;asmx</Extensions>
    </Filter>
    <Filter Include="Source Files">
      <UniqueIdentifier>{4FC737F1-C7A5-4376-A066-2A32D752A2FF}</UniqueIdentifier>
      <Extensions>cpp;c;cxx;def;odl;idl;hpj;bat;asm;asmx</Extensions>
    </Filter>
  </ItemGroup>
  <ItemGroup>
    <ClCompile Include="editor\abstractliveedittool.cpp">
      <Filter>Source Files</Filter>
    </ClCompile>
    <ClCompile Include="abstracttool.cpp">
      <Filter>Source Files</Filter>
    </ClCompile>
    <ClCompile Include="abstractviewinspector.cpp">
      <Filter>Source Files</Filter>
    </ClCompile>
    <ClCompile Include="editor\boundingrecthighlighter.cpp">
      <Filter>Source Files</Filter>
    </ClCompile>
    <ClCompile Include="editor\colorpickertool.cpp">
      <Filter>Source Files</Filter>
    </ClCompile>
    <ClCompile Include="editor\livelayeritem.cpp">
      <Filter>Source Files</Filter>
    </ClCompile>
    <ClCompile Include="editor\liverubberbandselectionmanipulator.cpp">
      <Filter>Source Files</Filter>
    </ClCompile>
    <ClCompile Include="editor\liveselectionindicator.cpp">
      <Filter>Source Files</Filter>
    </ClCompile>
    <ClCompile Include="editor\liveselectionrectangle.cpp">
      <Filter>Source Files</Filter>
    </ClCompile>
    <ClCompile Include="editor\liveselectiontool.cpp">
      <Filter>Source Files</Filter>
    </ClCompile>
    <ClCompile Include="editor\livesingleselectionmanipulator.cpp">
      <Filter>Source Files</Filter>
    </ClCompile>
    <ClCompile Include="qdeclarativeinspectorplugin.cpp">
      <Filter>Source Files</Filter>
    </ClCompile>
    <ClCompile Include="qdeclarativeviewinspector.cpp">
      <Filter>Source Files</Filter>
    </ClCompile>
    <ClCompile Include="editor\subcomponentmasklayeritem.cpp">
      <Filter>Source Files</Filter>
    </ClCompile>
    <ClCompile Include="editor\zoomtool.cpp">
      <Filter>Source Files</Filter>
    </ClCompile>
  </ItemGroup>
  <ItemGroup>
    <CustomBuild Include="editor\abstractliveedittool.h">
      <Filter>Header Files</Filter>
    </CustomBuild>
    <CustomBuild Include="abstracttool.h">
      <Filter>Header Files</Filter>
    </CustomBuild>
    <CustomBuild Include="abstractviewinspector.h">
      <Filter>Header Files</Filter>
    </CustomBuild>
    <CustomBuild Include="editor\boundingrecthighlighter.h">
      <Filter>Header Files</Filter>
    </CustomBuild>
    <CustomBuild Include="editor\colorpickertool.h">
      <Filter>Header Files</Filter>
    </CustomBuild>
    <ClInclude Include="editor\livelayeritem.h">
      <Filter>Header Files</Filter>
    </ClInclude>
    <ClInclude Include="editor\liverubberbandselectionmanipulator.h">
      <Filter>Header Files</Filter>
    </ClInclude>
    <ClInclude Include="editor\liveselectionindicator.h">
      <Filter>Header Files</Filter>
    </ClInclude>
    <ClInclude Include="editor\liveselectionrectangle.h">
      <Filter>Header Files</Filter>
    </ClInclude>
    <CustomBuild Include="editor\liveselectiontool.h">
      <Filter>Header Files</Filter>
    </CustomBuild>
    <ClInclude Include="editor\livesingleselectionmanipulator.h">
      <Filter>Header Files</Filter>
    </ClInclude>
    <CustomBuild Include="qdeclarativeinspectorplugin.h">
      <Filter>Header Files</Filter>
    </CustomBuild>
    <CustomBuild Include="qdeclarativeinspectorprotocol.h">
      <Filter>Header Files</Filter>
    </CustomBuild>
    <CustomBuild Include="qdeclarativeviewinspector.h">
      <Filter>Header Files</Filter>
    </CustomBuild>
    <CustomBuild Include="qdeclarativeviewinspector_p.h">
      <Filter>Header Files</Filter>
    </CustomBuild>
    <ClInclude Include="qmlinspectorconstants.h">
      <Filter>Header Files</Filter>
    </ClInclude>
    <ClInclude Include="editor\subcomponentmasklayeritem.h">
      <Filter>Header Files</Filter>
    </ClInclude>
    <CustomBuild Include="editor\zoomtool.h">
      <Filter>Header Files</Filter>
    </CustomBuild>
  </ItemGroup>
  <ItemGroup>
    <ClCompile Include="tmp\moc\debug_shared\moc_abstractliveedittool.cpp">
      <Filter>Generated Files</Filter>
    </ClCompile>
    <ClCompile Include="tmp\moc\release_shared\moc_abstractliveedittool.cpp">
      <Filter>Generated Files</Filter>
    </ClCompile>
    <ClCompile Include="tmp\moc\debug_shared\moc_abstracttool.cpp">
      <Filter>Generated Files</Filter>
    </ClCompile>
    <ClCompile Include="tmp\moc\release_shared\moc_abstracttool.cpp">
      <Filter>Generated Files</Filter>
    </ClCompile>
    <ClCompile Include="tmp\moc\debug_shared\moc_abstractviewinspector.cpp">
      <Filter>Generated Files</Filter>
    </ClCompile>
    <ClCompile Include="tmp\moc\release_shared\moc_abstractviewinspector.cpp">
      <Filter>Generated Files</Filter>
    </ClCompile>
    <ClCompile Include="tmp\moc\debug_shared\moc_boundingrecthighlighter.cpp">
      <Filter>Generated Files</Filter>
    </ClCompile>
    <ClCompile Include="tmp\moc\release_shared\moc_boundingrecthighlighter.cpp">
      <Filter>Generated Files</Filter>
    </ClCompile>
    <ClCompile Include="tmp\moc\debug_shared\moc_colorpickertool.cpp">
      <Filter>Generated Files</Filter>
    </ClCompile>
    <ClCompile Include="tmp\moc\release_shared\moc_colorpickertool.cpp">
      <Filter>Generated Files</Filter>
    </ClCompile>
    <ClCompile Include="tmp\moc\debug_shared\moc_liveselectiontool.cpp">
      <Filter>Generated Files</Filter>
    </ClCompile>
    <ClCompile Include="tmp\moc\release_shared\moc_liveselectiontool.cpp">
      <Filter>Generated Files</Filter>
    </ClCompile>
    <ClCompile Include="tmp\moc\debug_shared\moc_qdeclarativeinspectorplugin.cpp">
      <Filter>Generated Files</Filter>
    </ClCompile>
    <ClCompile Include="tmp\moc\release_shared\moc_qdeclarativeinspectorplugin.cpp">
      <Filter>Generated Files</Filter>
    </ClCompile>
    <ClCompile Include="tmp\moc\debug_shared\moc_qdeclarativeinspectorprotocol.cpp">
      <Filter>Generated Files</Filter>
    </ClCompile>
    <ClCompile Include="tmp\moc\release_shared\moc_qdeclarativeinspectorprotocol.cpp">
      <Filter>Generated Files</Filter>
    </ClCompile>
    <ClCompile Include="tmp\moc\debug_shared\moc_qdeclarativeviewinspector.cpp">
      <Filter>Generated Files</Filter>
    </ClCompile>
    <ClCompile Include="tmp\moc\release_shared\moc_qdeclarativeviewinspector.cpp">
      <Filter>Generated Files</Filter>
    </ClCompile>
    <ClCompile Include="tmp\moc\debug_shared\moc_qdeclarativeviewinspector_p.cpp">
      <Filter>Generated Files</Filter>
    </ClCompile>
    <ClCompile Include="tmp\moc\release_shared\moc_qdeclarativeviewinspector_p.cpp">
      <Filter>Generated Files</Filter>
    </ClCompile>
    <ClCompile Include="tmp\moc\debug_shared\moc_zoomtool.cpp">
      <Filter>Generated Files</Filter>
    </ClCompile>
    <ClCompile Include="tmp\moc\release_shared\moc_zoomtool.cpp">
      <Filter>Generated Files</Filter>
    </ClCompile>
    <CustomBuild Include="tmp\obj\release_shared\qmldbg_inspector_resource.res">
      <Filter>Generated Files</Filter>
    </CustomBuild>
    <CustomBuild Include="tmp\obj\debug_shared\qmldbg_inspectord_resource.res">
      <Filter>Generated Files</Filter>
    </CustomBuild>
  </ItemGroup>
  <ItemGroup>
    <ResourceCompile Include="c:\Trunk2012\Contribs\Qt\4.8.5\win_VS2012\src\plugins\qmltooling\qmldbg_inspector\qmldbg_inspector_resource.rc" />
    <ResourceCompile Include="c:\Trunk2012\Contribs\Qt\4.8.5\win_VS2012\src\plugins\qmltooling\qmldbg_inspector\qmldbg_inspectord_resource.rc" />
  </ItemGroup>
</Project>