<?xml version="1.0" encoding="utf-8"?>
<Project ToolsVersion="4.0" xmlns="http://schemas.microsoft.com/developer/msbuild/2003">
  <ItemGroup>
    <Filter Include="Generated Files">
      <UniqueIdentifier>{71ED8ED8-ACB9-4CE9-BBE1-E00B30144E11}</UniqueIdentifier>
      <Extensions>cpp;c;cxx;moc;h;def;odl;idl;res;</Extensions>
    </Filter>
    <Filter Include="Generated Files">
      <UniqueIdentifier>{71ED8ED8-ACB9-4CE9-BBE1-E00B30144E11}</UniqueIdentifier>
      <Extensions>cpp;c;cxx;moc;h;def;odl;idl;res;</Extensions>
    </Filter>
    <Filter Include="Header Files">
      <UniqueIdentifier>{93995380-89BD-4b04-88EB-625FBE52EBFB}</UniqueIdentifier>
      <Extensions>h;hpp;hxx;hm;inl;inc;xsd</Extensions>
    </Filter>
    <Filter Include="Header Files">
      <UniqueIdentifier>{93995380-89BD-4b04-88EB-625FBE52EBFB}</UniqueIdentifier>
      <Extensions>h;hpp;hxx;hm;inl;inc;xsd</Extensions>
    </Filter>
    <Filter Include="Source Files">
      <UniqueIdentifier>{4FC737F1-C7A5-4376-A066-2A32D752A2FF}</UniqueIdentifier>
      <Extensions>cpp;c;cxx;def;odl;idl;hpj;bat;asm;asmx</Extensions>
    </Filter>
    <Filter Include="Source Files">
      <UniqueIdentifier>{4FC737F1-C7A5-4376-A066-2A32D752A2FF}</UniqueIdentifier>
      <Extensions>cpp;c;cxx;def;odl;idl;hpj;bat;asm;asmx</Extensions>
    </Filter>
  </ItemGroup>
  <ItemGroup>
    <ClCompile Include="qgl.cpp">
      <Filter>Source Files</Filter>
    </ClCompile>
    <ClCompile Include="gl2paintengineex\qgl2pexvertexarray.cpp">
      <Filter>Source Files</Filter>
    </ClCompile>
    <ClCompile Include="qgl_win.cpp">
      <Filter>Source Files</Filter>
    </ClCompile>
    <ClCompile Include="qglbuffer.cpp">
      <Filter>Source Files</Filter>
    </ClCompile>
    <ClCompile Include="qglcolormap.cpp">
      <Filter>Source Files</Filter>
    </ClCompile>
    <ClCompile Include="gl2paintengineex\qglcustomshaderstage.cpp">
      <Filter>Source Files</Filter>
    </ClCompile>
    <ClCompile Include="gl2paintengineex\qglengineshadermanager.cpp">
      <Filter>Source Files</Filter>
    </ClCompile>
    <ClCompile Include="qglextensions.cpp">
      <Filter>Source Files</Filter>
    </ClCompile>
    <ClCompile Include="qglframebufferobject.cpp">
      <Filter>Source Files</Filter>
    </ClCompile>
    <ClCompile Include="qglfunctions.cpp">
      <Filter>Source Files</Filter>
    </ClCompile>
    <ClCompile Include="gl2paintengineex\qglgradientcache.cpp">
      <Filter>Source Files</Filter>
    </ClCompile>
    <ClCompile Include="qglpaintdevice.cpp">
      <Filter>Source Files</Filter>
    </ClCompile>
    <ClCompile Include="qglpixelbuffer.cpp">
      <Filter>Source Files</Filter>
    </ClCompile>
    <ClCompile Include="qglpixelbuffer_win.cpp">
      <Filter>Source Files</Filter>
    </ClCompile>
    <ClCompile Include="qglpixmapfilter.cpp">
      <Filter>Source Files</Filter>
    </ClCompile>
    <ClCompile Include="qglshaderprogram.cpp">
      <Filter>Source Files</Filter>
    </ClCompile>
    <ClCompile Include="qgraphicsshadereffect.cpp">
      <Filter>Source Files</Filter>
    </ClCompile>
    <ClCompile Include="qgraphicssystem_gl.cpp">
      <Filter>Source Files</Filter>
    </ClCompile>
    <ClCompile Include="qpaintengine_opengl.cpp">
      <Filter>Source Files</Filter>
    </ClCompile>
    <ClCompile Include="gl2paintengineex\qpaintengineex_opengl2.cpp">
      <Filter>Source Files</Filter>
    </ClCompile>
    <ClCompile Include="qpixmapdata_gl.cpp">
      <Filter>Source Files</Filter>
    </ClCompile>
    <ClCompile Include="gl2paintengineex\qtextureglyphcache_gl.cpp">
      <Filter>Source Files</Filter>
    </ClCompile>
    <ClCompile Include="gl2paintengineex\qtriangulatingstroker.cpp">
      <Filter>Source Files</Filter>
    </ClCompile>
    <ClCompile Include="gl2paintengineex\qtriangulator.cpp">
      <Filter>Source Files</Filter>
    </ClCompile>
    <ClCompile Include="qwindowsurface_gl.cpp">
      <Filter>Source Files</Filter>
    </ClCompile>
  </ItemGroup>
  <ItemGroup>
    <CustomBuild Include="qgl.h">
      <Filter>Header Files</Filter>
    </CustomBuild>
    <ClInclude Include="gl2paintengineex\qgl2pexvertexarray_p.h">
      <Filter>Header Files</Filter>
    </ClInclude>
    <CustomBuild Include="qgl_p.h">
      <Filter>Header Files</Filter>
    </CustomBuild>
    <ClInclude Include="qglbuffer.h">
      <Filter>Header Files</Filter>
    </ClInclude>
    <ClInclude Include="qglcolormap.h">
      <Filter>Header Files</Filter>
    </ClInclude>
    <ClInclude Include="gl2paintengineex\qglcustomshaderstage_p.h">
      <Filter>Header Files</Filter>
    </ClInclude>
    <CustomBuild Include="gl2paintengineex\qglengineshadermanager_p.h">
      <Filter>Header Files</Filter>
    </CustomBuild>
    <ClInclude Include="gl2paintengineex\qglengineshadersource_p.h">
      <Filter>Header Files</Filter>
    </ClInclude>
    <ClInclude Include="qglextensions_p.h">
      <Filter>Header Files</Filter>
    </ClInclude>
    <ClInclude Include="qglframebufferobject.h">
      <Filter>Header Files</Filter>
    </ClInclude>
    <ClInclude Include="qglframebufferobject_p.h">
      <Filter>Header Files</Filter>
    </ClInclude>
    <ClInclude Include="qglfunctions.h">
      <Filter>Header Files</Filter>
    </ClInclude>
    <ClInclude Include="gl2paintengineex\qglgradientcache_p.h">
      <Filter>Header Files</Filter>
    </ClInclude>
    <ClInclude Include="qglpaintdevice_p.h">
      <Filter>Header Files</Filter>
    </ClInclude>
    <ClInclude Include="qglpixelbuffer.h">
      <Filter>Header Files</Filter>
    </ClInclude>
    <ClInclude Include="qglpixelbuffer_p.h">
      <Filter>Header Files</Filter>
    </ClInclude>
    <ClInclude Include="qglpixmapfilter_p.h">
      <Filter>Header Files</Filter>
    </ClInclude>
    <ClInclude Include="gl2paintengineex\qglshadercache_meego_p.h">
      <Filter>Header Files</Filter>
    </ClInclude>
    <ClInclude Include="gl2paintengineex\qglshadercache_p.h">
      <Filter>Header Files</Filter>
    </ClInclude>
    <CustomBuild Include="qglshaderprogram.h">
      <Filter>Header Files</Filter>
    </CustomBuild>
    <CustomBuild Include="qgraphicsshadereffect_p.h">
      <Filter>Header Files</Filter>
    </CustomBuild>
    <ClInclude Include="qgraphicssystem_gl_p.h">
      <Filter>Header Files</Filter>
    </ClInclude>
    <ClInclude Include="qpaintengine_opengl_p.h">
      <Filter>Header Files</Filter>
    </ClInclude>
    <ClInclude Include="gl2paintengineex\qpaintengineex_opengl2_p.h">
      <Filter>Header Files</Filter>
    </ClInclude>
    <ClInclude Include="qpixmapdata_gl_p.h">
      <Filter>Header Files</Filter>
    </ClInclude>
    <ClInclude Include="gl2paintengineex\qtextureglyphcache_gl_p.h">
      <Filter>Header Files</Filter>
    </ClInclude>
    <ClInclude Include="gl2paintengineex\qtriangulatingstroker_p.h">
      <Filter>Header Files</Filter>
    </ClInclude>
    <ClInclude Include="gl2paintengineex\qtriangulator_p.h">
      <Filter>Header Files</Filter>
    </ClInclude>
    <CustomBuild Include="qwindowsurface_gl_p.h">
      <Filter>Header Files</Filter>
    </CustomBuild>
  </ItemGroup>
  <ItemGroup>
    <CustomBuild Include="tmp\obj\release_shared\QtOpenGL_resource.res">
      <Filter>Generated Files</Filter>
    </CustomBuild>
    <CustomBuild Include="tmp\obj\debug_shared\QtOpenGLd_resource.res">
      <Filter>Generated Files</Filter>
    </CustomBuild>
    <ClCompile Include="tmp\moc\debug_shared\moc_qgl.cpp">
      <Filter>Generated Files</Filter>
    </ClCompile>
    <ClCompile Include="tmp\moc\release_shared\moc_qgl.cpp">
      <Filter>Generated Files</Filter>
    </ClCompile>
    <ClCompile Include="tmp\moc\debug_shared\moc_qgl_p.cpp">
      <Filter>Generated Files</Filter>
    </ClCompile>
    <ClCompile Include="tmp\moc\release_shared\moc_qgl_p.cpp">
      <Filter>Generated Files</Filter>
    </ClCompile>
    <ClCompile Include="tmp\moc\debug_shared\moc_qglengineshadermanager_p.cpp">
      <Filter>Generated Files</Filter>
    </ClCompile>
    <ClCompile Include="tmp\moc\release_shared\moc_qglengineshadermanager_p.cpp">
      <Filter>Generated Files</Filter>
    </ClCompile>
    <ClCompile Include="tmp\moc\debug_shared\moc_qglshaderprogram.cpp">
      <Filter>Generated Files</Filter>
    </ClCompile>
    <ClCompile Include="tmp\moc\release_shared\moc_qglshaderprogram.cpp">
      <Filter>Generated Files</Filter>
    </ClCompile>
    <ClCompile Include="tmp\moc\debug_shared\moc_qgraphicsshadereffect_p.cpp">
      <Filter>Generated Files</Filter>
    </ClCompile>
    <ClCompile Include="tmp\moc\release_shared\moc_qgraphicsshadereffect_p.cpp">
      <Filter>Generated Files</Filter>
    </ClCompile>
    <ClCompile Include="tmp\moc\debug_shared\moc_qwindowsurface_gl_p.cpp">
      <Filter>Generated Files</Filter>
    </ClCompile>
    <ClCompile Include="tmp\moc\release_shared\moc_qwindowsurface_gl_p.cpp">
      <Filter>Generated Files</Filter>
    </ClCompile>
    <CustomBuild Include="tmp\moc\debug_shared\qpaintengine_opengl.moc">
      <Filter>Generated Files</Filter>
    </CustomBuild>
    <CustomBuild Include="tmp\moc\release_shared\qpaintengine_opengl.moc">
      <Filter>Generated Files</Filter>
    </CustomBuild>
  </ItemGroup>
  <ItemGroup>
    <ResourceCompile Include="c:\Trunk2012\Contribs\Qt\4.8.5\win_VS2012\src\opengl\QtOpenGL_resource.rc" />
    <ResourceCompile Include="c:\Trunk2012\Contribs\Qt\4.8.5\win_VS2012\src\opengl\QtOpenGLd_resource.rc" />
  </ItemGroup>
</Project>