Microsoft Visual Studio Solution File, Format Version 12.00
# Visual Studio 2012
Project("{8BC9CEB8-8B4A-11D0-8D11-00A0C91BC942}") = "qmldbg_tcp", "C:/Trunk2012/Contribs/Qt/4.8.5/win_VS2012/src/plugins/qmltooling/qmldbg_tcp\qmldbg_tcp.vcxproj", "{52175CFE-3710-3633-BED7-A8C869AE58D7}"
EndProject
Project("{8BC9CEB8-8B4A-11D0-8D11-00A0C91BC942}") = "qmldbg_inspector", "C:/Trunk2012/Contribs/Qt/4.8.5/win_VS2012/src/plugins/qmltooling/qmldbg_inspector\qmldbg_inspector.vcxproj", "{09D61277-9CC6-345B-BE68-8FA47314130B}"
EndProject
Global
	GlobalSection(SolutionConfiguration) = preSolution
		ConfigName.0 = Debug|Win32
		ConfigName.1 = Release|Win32
	EndGlobalSection
	GlobalSection(ProjectDependencies) = postSolution
	EndGlobalSection
	GlobalSection(ProjectConfiguration) = postSolution
		{52175CFE-3710-3633-BED7-A8C869AE58D7}.Debug|Win32.ActiveCfg = Debug|Win32
		{52175CFE-3710-3633-BED7-A8C869AE58D7}.Debug|Win32.Build.0 = Debug|Win32
		{52175CFE-3710-3633-BED7-A8C869AE58D7}.Release|Win32.ActiveCfg = Release|Win32
		{52175CFE-3710-3633-BED7-A8C869AE58D7}.Release|Win32.Build.0 = Release|Win32
		{09D61277-9CC6-345B-BE68-8FA47314130B}.Debug|Win32.ActiveCfg = Debug|Win32
		{09D61277-9CC6-345B-BE68-8FA47314130B}.Debug|Win32.Build.0 = Debug|Win32
		{09D61277-9CC6-345B-BE68-8FA47314130B}.Release|Win32.ActiveCfg = Release|Win32
		{09D61277-9CC6-345B-BE68-8FA47314130B}.Release|Win32.Build.0 = Release|Win32
	EndGlobalSection
	GlobalSection(ExtensibilityGlobals) = postSolution
	EndGlobalSection
	GlobalSection(ExtensibilityAddIns) = postSolution
	EndGlobalSection
EndGlobal