Microsoft Visual Studio Solution File, Format Version 12.00
# Visual Studio 2012
Project("{8BC9CEB8-8B4A-11D0-8D11-00A0C91BC942}") = "qt3to4", "C:/Trunk2016/Contribs/Qt/4.8.5/win_VS2012/tools/porting/src\qt3to4.vcxproj", "{1C80ED91-DC5E-3544-8F8D-F02561A0DA82}"
EndProject
Global
	GlobalSection(SolutionConfiguration) = preSolution
		ConfigName.0 = Debug|Win32
		ConfigName.1 = Release|Win32
	EndGlobalSection
	GlobalSection(ProjectDependencies) = postSolution
	EndGlobalSection
	GlobalSection(ProjectConfiguration) = postSolution
		{1C80ED91-DC5E-3544-8F8D-F02561A0DA82}.Debug|Win32.ActiveCfg = Debug|Win32
		{1C80ED91-DC5E-3544-8F8D-F02561A0DA82}.Debug|Win32.Build.0 = Debug|Win32
		{1C80ED91-DC5E-3544-8F8D-F02561A0DA82}.Release|Win32.ActiveCfg = Release|Win32
		{1C80ED91-DC5E-3544-8F8D-F02561A0DA82}.Release|Win32.Build.0 = Release|Win32
	EndGlobalSection
	GlobalSection(ExtensibilityGlobals) = postSolution
	EndGlobalSection
	GlobalSection(ExtensibilityAddIns) = postSolution
	EndGlobalSection
EndGlobal