Microsoft Visual Studio Solution File, Format Version 12.00
# Visual Studio 2012
Project("{8BC9CEB8-8B4A-11D0-8D11-00A0C91BC942}") = "qmlfolderlistmodelplugin", "C:/Trunk2016/Contribs/Qt/4.8.5/win_VS2012/src/imports/folderlistmodel\qmlfolderlistmodelplugin.vcxproj", "{A0D7EECB-C812-353E-806A-30E996646795}"
EndProject
Project("{8BC9CEB8-8B4A-11D0-8D11-00A0C91BC942}") = "qmlparticlesplugin", "C:/Trunk2016/Contribs/Qt/4.8.5/win_VS2012/src/imports/particles\qmlparticlesplugin.vcxproj", "{E11E31B7-024C-30F6-ADE9-3F8FAB5601B1}"
EndProject
Project("{8BC9CEB8-8B4A-11D0-8D11-00A0C91BC942}") = "qmlgesturesplugin", "C:/Trunk2016/Contribs/Qt/4.8.5/win_VS2012/src/imports/gestures\qmlgesturesplugin.vcxproj", "{2FE1DE14-C2EA-3D3E-BEBF-5CA3AA08B592}"
EndProject
Project("{8BC9CEB8-8B4A-11D0-8D11-00A0C91BC942}") = "qmlshadersplugin", "C:/Trunk2016/Contribs/Qt/4.8.5/win_VS2012/src/imports/shaders\qmlshadersplugin.vcxproj", "{D95874B7-FB83-3299-845E-AE54F6D5D3FE}"
EndProject
Global
	GlobalSection(SolutionConfiguration) = preSolution
		ConfigName.0 = Debug|Win32
		ConfigName.1 = Release|Win32
	EndGlobalSection
	GlobalSection(ProjectDependencies) = postSolution
	EndGlobalSection
	GlobalSection(ProjectConfiguration) = postSolution
		{A0D7EECB-C812-353E-806A-30E996646795}.Debug|Win32.ActiveCfg = Debug|Win32
		{A0D7EECB-C812-353E-806A-30E996646795}.Debug|Win32.Build.0 = Debug|Win32
		{A0D7EECB-C812-353E-806A-30E996646795}.Release|Win32.ActiveCfg = Release|Win32
		{A0D7EECB-C812-353E-806A-30E996646795}.Release|Win32.Build.0 = Release|Win32
		{E11E31B7-024C-30F6-ADE9-3F8FAB5601B1}.Debug|Win32.ActiveCfg = Debug|Win32
		{E11E31B7-024C-30F6-ADE9-3F8FAB5601B1}.Debug|Win32.Build.0 = Debug|Win32
		{E11E31B7-024C-30F6-ADE9-3F8FAB5601B1}.Release|Win32.ActiveCfg = Release|Win32
		{E11E31B7-024C-30F6-ADE9-3F8FAB5601B1}.Release|Win32.Build.0 = Release|Win32
		{2FE1DE14-C2EA-3D3E-BEBF-5CA3AA08B592}.Debug|Win32.ActiveCfg = Debug|Win32
		{2FE1DE14-C2EA-3D3E-BEBF-5CA3AA08B592}.Debug|Win32.Build.0 = Debug|Win32
		{2FE1DE14-C2EA-3D3E-BEBF-5CA3AA08B592}.Release|Win32.ActiveCfg = Release|Win32
		{2FE1DE14-C2EA-3D3E-BEBF-5CA3AA08B592}.Release|Win32.Build.0 = Release|Win32
		{D95874B7-FB83-3299-845E-AE54F6D5D3FE}.Debug|Win32.ActiveCfg = Debug|Win32
		{D95874B7-FB83-3299-845E-AE54F6D5D3FE}.Debug|Win32.Build.0 = Debug|Win32
		{D95874B7-FB83-3299-845E-AE54F6D5D3FE}.Release|Win32.ActiveCfg = Release|Win32
		{D95874B7-FB83-3299-845E-AE54F6D5D3FE}.Release|Win32.Build.0 = Release|Win32
	EndGlobalSection
	GlobalSection(ExtensibilityGlobals) = postSolution
	EndGlobalSection
	GlobalSection(ExtensibilityAddIns) = postSolution
	EndGlobalSection
EndGlobal